
Microsoft Visual Studio Solution File, Format Version 12.00
# Visual Studio Version 17
VisualStudioVersion = 17.10.35013.160
MinimumVisualStudioVersion = 10.0.40219.1
Project("{FAE04EC0-301F-11D3-BF4B-00C04F79EFBC}") = "Laboratorio1", "Laboratorio1\Laboratorio1.csproj", "{D40CB3C4-EA15-4DE4-93E4-2A8E9E96A8A8}"
EndProject
Global
	GlobalSection(SolutionConfigurationPlatforms) = preSolution
		Debug|Any CPU = Debug|Any CPU
		Release|Any CPU = Release|Any CPU
	EndGlobalSection
	GlobalSection(ProjectConfigurationPlatforms) = postSolution
		{D40CB3C4-EA15-4DE4-93E4-2A8E9E96A8A8}.Debug|Any CPU.ActiveCfg = Debug|Any CPU
		{D40CB3C4-EA15-4DE4-93E4-2A8E9E96A8A8}.Debug|Any CPU.Build.0 = Debug|Any CPU
		{D40CB3C4-EA15-4DE4-93E4-2A8E9E96A8A8}.Release|Any CPU.ActiveCfg = Release|Any CPU
		{D40CB3C4-EA15-4DE4-93E4-2A8E9E96A8A8}.Release|Any CPU.Build.0 = Release|Any CPU
	EndGlobalSection
	GlobalSection(SolutionProperties) = preSolution
		HideSolutionNode = FALSE
	EndGlobalSection
	GlobalSection(ExtensibilityGlobals) = postSolution
		SolutionGuid = {21A5F92E-67AC-4868-A39F-0854AAB13B16}
	EndGlobalSection
EndGlobal
